
Microsoft Visual Studio Solution File, Format Version 12.00
# Visual Studio Version 17
VisualStudioVersion = 17.3.32922.545
MinimumVisualStudioVersion = 10.0.40219.1
Project("{FAE04EC0-301F-11D3-BF4B-00C04F79EFBC}") = "ConsoleList", "ConsoleList\ConsoleList.csproj", "{406C5BC7-ABED-48DE-9F91-07D95DB6463E}"
EndProject
Global
	GlobalSection(SolutionConfigurationPlatforms) = preSolution
		Debug|Any CPU = Debug|Any CPU
		Release|Any CPU = Release|Any CPU
	EndGlobalSection
	GlobalSection(ProjectConfigurationPlatforms) = postSolution
		{406C5BC7-ABED-48DE-9F91-07D95DB6463E}.Debug|Any CPU.ActiveCfg = Debug|Any CPU
		{406C5BC7-ABED-48DE-9F91-07D95DB6463E}.Debug|Any CPU.Build.0 = Debug|Any CPU
		{406C5BC7-ABED-48DE-9F91-07D95DB6463E}.Release|Any CPU.ActiveCfg = Release|Any CPU
		{406C5BC7-ABED-48DE-9F91-07D95DB6463E}.Release|Any CPU.Build.0 = Release|Any CPU
	EndGlobalSection
	GlobalSection(SolutionProperties) = preSolution
		HideSolutionNode = FALSE
	EndGlobalSection
	GlobalSection(ExtensibilityGlobals) = postSolution
		SolutionGuid = {13C94C45-E0F0-454E-B8A5-214A23FD5698}
	EndGlobalSection
EndGlobal
